# THIS IS AN AUTOGENERATED FILE. DO NOT EDIT THIS FILE DIRECTLY.
# yarn lockfile v1


bootstrap@^4.0.0:
  version "4.1.3"
  resolved "https://registry.yarnpkg.com/bootstrap/-/bootstrap-4.1.3.tgz#0eb371af2c8448e8c210411d0cb824a6409a12be"

font-awesome@^4.7.0:
  version "4.7.0"
  resolved "https://registry.yarnpkg.com/font-awesome/-/font-awesome-4.7.0.tgz#8fa8cf0411a1a31afd07b06d2902bb9fc815a133"

headroom.js@^0.9.4:
  version "0.9.4"
  resolved "https://registry.yarnpkg.com/headroom.js/-/headroom.js-0.9.4.tgz#0c4e6b4563bb69df55aecdefaba3227566f2df5a"

jquery@>=1.8, jquery@^3.2.1:
  version "3.3.1"
  resolved "https://registry.yarnpkg.com/jquery/-/jquery-3.3.1.tgz#958ce29e81c9790f31be7792df5d4d95fc57fbca"

popper.js@^1.0.2, popper.js@^1.12.5:
  version "1.14.4"
  resolved "https://registry.yarnpkg.com/popper.js/-/popper.js-1.14.4.tgz#8eec1d8ff02a5a3a152dd43414a15c7b79fd69b6"

slidebars@^2.0.2:
  version "2.0.2"
  resolved "https://registry.yarnpkg.com/slidebars/-/slidebars-2.0.2.tgz#cc53c365a11603e93a0bde32cf2c1c4b2f04bb6b"
  dependencies:
    jquery ">=1.8"

sticky-sidebar@^3.3.1:
  version "3.3.1"
  resolved "https://registry.yarnpkg.com/sticky-sidebar/-/sticky-sidebar-3.3.1.tgz#142bf6b64c2b416e4b707ebf8f09b8b5a5043877"

tooltip.js@^1.1.5:
  version "1.3.0"
  resolved "https://registry.yarnpkg.com/tooltip.js/-/tooltip.js-1.3.0.tgz#c56115ce9e4b549edda0b306a3e439a17262181d"
  dependencies:
    popper.js "^1.0.2"
